// !$*UTF8*$!
{
	archiveVersion = 1;
	classes = {
	};
	objectVersion = 55;
	objects = {

/* Begin PBXBuildFile section */
		5EC5552627DF8C4E008D7EFD /* DungeonsAndDragonsApp.swift in Sources */ = {isa = PBXBuildFile; fileRef = 5EC5552527DF8C4E008D7EFD /* DungeonsAndDragonsApp.swift */; };
		5EC5552827DF8C4E008D7EFD /* ContentView.swift in Sources */ = {isa = PBXBuildFile; fileRef = 5EC5552727DF8C4E008D7EFD /* ContentView.swift */; };
		5EC5552A27DF8C50008D7EFD /* Assets.xcassets in Resources */ = {isa = PBXBuildFile; fileRef = 5EC5552927DF8C50008D7EFD /* Assets.xcassets */; };
		5EC5552D27DF8C50008D7EFD /* Preview Assets.xcassets in Resources */ = {isa = PBXBuildFile; fileRef = 5EC5552C27DF8C50008D7EFD /* Preview Assets.xcassets */; };
		5EC5553727DF8C51008D7EFD /* DungeonsAndDragonsTests.swift in Sources */ = {isa = PBXBuildFile; fileRef = 5EC5553627DF8C51008D7EFD /* DungeonsAndDragonsTests.swift */; };
		5EC5554127DF8C51008D7EFD /* DungeonsAndDragonsUITests.swift in Sources */ = {isa = PBXBuildFile; fileRef = 5EC5554027DF8C51008D7EFD /* DungeonsAndDragonsUITests.swift */; };
		5EC5554327DF8C51008D7EFD /* DungeonsAndDragonsUITestsLaunchTests.swift in Sources */ = {isa = PBXBuildFile; fileRef = 5EC5554227DF8C51008D7EFD /* DungeonsAndDragonsUITestsLaunchTests.swift */; };
/* End PBXBuildFile section */

/* Begin PBXContainerItemProxy section */
		5EC5553327DF8C51008D7EFD /* PBXContainerItemProxy */ = {
			isa = PBXContainerItemProxy;
			containerPortal = 5EC5551A27DF8C4E008D7EFD /* Project object */;
			proxyType = 1;
			remoteGlobalIDString = 5EC5552127DF8C4E008D7EFD;
			remoteInfo = DungeonsAndDragons;
		};
		5EC5553D27DF8C51008D7EFD /* PBXContainerItemProxy */ = {
			isa = PBXContainerItemProxy;
			containerPortal = 5EC5551A27DF8C4E008D7EFD /* Project object */;
			proxyType = 1;
			remoteGlobalIDString = 5EC5552127DF8C4E008D7EFD;
			remoteInfo = DungeonsAndDragons;
		};
/* End PBXContainerItemProxy section */

/* Begin PBXFileReference section */
		5EC5552227DF8C4E008D7EFD /* DungeonsAndDragons.app */ = {isa = PBXFileReference; explicitFileType = wrapper.application; includeInIndex = 0; path = DungeonsAndDragons.app; sourceTree = BUILT_PRODUCTS_DIR; };
		5EC5552527DF8C4E008D7EFD /* DungeonsAndDragonsApp.swift */ = {isa = PBXFileReference; lastKnownFileType = sourcecode.swift; path = DungeonsAndDragonsApp.swift; sourceTree = "<group>"; };
		5EC5552727DF8C4E008D7EFD /* ContentView.swift */ = {isa = PBXFileReference; lastKnownFileType = sourcecode.swift; path = ContentView.swift; sourceTree = "<group>"; };
		5EC5552927DF8C50008D7EFD /* Assets.xcassets */ = {isa = PBXFileReference; lastKnownFileType = folder.assetcatalog; path = Assets.xcassets; sourceTree = "<group>"; };
		5EC5552C27DF8C50008D7EFD /* Preview Assets.xcassets */ = {isa = PBXFileReference; lastKnownFileType = folder.assetcatalog; path = "Preview Assets.xcassets"; sourceTree = "<group>"; };
		5EC5553227DF8C51008D7EFD /* DungeonsAndDragonsTests.xctest */ = {isa = PBXFileReference; explicitFileType = wrapper.cfbundle; includeInIndex = 0; path = DungeonsAndDragonsTests.xctest; sourceTree = BUILT_PRODUCTS_DIR; };
		5EC5553627DF8C51008D7EFD /* DungeonsAndDragonsTests.swift */ = {isa = PBXFileReference; lastKnownFileType = sourcecode.swift; path = DungeonsAndDragonsTests.swift; sourceTree = "<group>"; };
		5EC5553C27DF8C51008D7EFD /* DungeonsAndDragonsUITests.xctest */ = {isa = PBXFileReference; explicitFileType = wrapper.cfbundle; includeInIndex = 0; path = DungeonsAndDragonsUITests.xctest; sourceTree = BUILT_PRODUCTS_DIR; };
		5EC5554027DF8C51008D7EFD /* DungeonsAndDragonsUITests.swift */ = {isa = PBXFileReference; lastKnownFileType = sourcecode.swift; path = DungeonsAndDragonsUITests.swift; sourceTree = "<group>"; };
		5EC5554227DF8C51008D7EFD /* DungeonsAndDragonsUITestsLaunchTests.swift */ = {isa = PBXFileReference; lastKnownFileType = sourcecode.swift; path = DungeonsAndDragonsUITestsLaunchTests.swift; sourceTree = "<group>"; };
/* End PBXFileReference section */

/* Begin PBXFrameworksBuildPhase section */
		5EC5551F27DF8C4E008D7EFD /* Frameworks */ = {
			isa = PBXFrameworksBuildPhase;
			buildActionMask = 2147483647;
			files = (
			);
			runOnlyForDeploymentPostprocessing = 0;
		};
		5EC5552F27DF8C51008D7EFD /* Frameworks */ = {
			isa = PBXFrameworksBuildPhase;
			buildActionMask = 2147483647;
			files = (
			);
			runOnlyForDeploymentPostprocessing = 0;
		};
		5EC5553927DF8C51008D7EFD /* Frameworks */ = {
			isa = PBXFrameworksBuildPhase;
			buildActionMask = 2147483647;
			files = (
			);
			runOnlyForDeploymentPostprocessing = 0;
		};
/* End PBXFrameworksBuildPhase section */

/* Begin PBXGroup section */
		5EC5551927DF8C4E008D7EFD = {
			isa = PBXGroup;
			children = (
				5EC5552427DF8C4E008D7EFD /* DungeonsAndDragons */,
				5EC5553527DF8C51008D7EFD /* DungeonsAndDragonsTests */,
				5EC5553F27DF8C51008D7EFD /* DungeonsAndDragonsUITests */,
				5EC5552327DF8C4E008D7EFD /* Products */,
			);
			sourceTree = "<group>";
		};
		5EC5552327DF8C4E008D7EFD /* Products */ = {
			isa = PBXGroup;
			children = (
				5EC5552227DF8C4E008D7EFD /* DungeonsAndDragons.app */,
				5EC5553227DF8C51008D7EFD /* DungeonsAndDragonsTests.xctest */,
				5EC5553C27DF8C51008D7EFD /* DungeonsAndDragonsUITests.xctest */,
			);
			name = Products;
			sourceTree = "<group>";
		};
		5EC5552427DF8C4E008D7EFD /* DungeonsAndDragons */ = {
			isa = PBXGroup;
			children = (
				5EC5552527DF8C4E008D7EFD /* DungeonsAndDragonsApp.swift */,
				5EC5552727DF8C4E008D7EFD /* ContentView.swift */,
				5EC5552927DF8C50008D7EFD /* Assets.xcassets */,
				5EC5552B27DF8C50008D7EFD /* Preview Content */,
			);
			path = DungeonsAndDragons;
			sourceTree = "<group>";
		};
		5EC5552B27DF8C50008D7EFD /* Preview Content */ = {
			isa = PBXGroup;
			children = (
				5EC5552C27DF8C50008D7EFD /* Preview Assets.xcassets */,
			);
			path = "Preview Content";
			sourceTree = "<group>";
		};
		5EC5553527DF8C51008D7EFD /* DungeonsAndDragonsTests */ = {
			isa = PBXGroup;
			children = (
				5EC5553627DF8C51008D7EFD /* DungeonsAndDragonsTests.swift */,
			);
			path = DungeonsAndDragonsTests;
			sourceTree = "<group>";
		};
		5EC5553F27DF8C51008D7EFD /* DungeonsAndDragonsUITests */ = {
			isa = PBXGroup;
			children = (
				5EC5554027DF8C51008D7EFD /* DungeonsAndDragonsUITests.swift */,
				5EC5554227DF8C51008D7EFD /* DungeonsAndDragonsUITestsLaunchTests.swift */,
			);
			path = DungeonsAndDragonsUITests;
			sourceTree = "<group>";
		};
/* End PBXGroup section */

/* Begin PBXNativeTarget section */
		5EC5552127DF8C4E008D7EFD /* DungeonsAndDragons */ = {
			isa = PBXNativeTarget;
			buildConfigurationList = 5EC5554627DF8C51008D7EFD /* Build configuration list for PBXNativeTarget "DungeonsAndDragons" */;
			buildPhases = (
				5EC5551E27DF8C4E008D7EFD /* Sources */,
				5EC5551F27DF8C4E008D7EFD /* Frameworks */,
				5EC5552027DF8C4E008D7EFD /* Resources */,
			);
			buildRules = (
			);
			dependencies = (
			);
			name = DungeonsAndDragons;
			productName = DungeonsAndDragons;
			productReference = 5EC5552227DF8C4E008D7EFD /* DungeonsAndDragons.app */;
			productType = "com.apple.product-type.application";
		};
		5EC5553127DF8C51008D7EFD /* DungeonsAndDragonsTests */ = {
			isa = PBXNativeTarget;
			buildConfigurationList = 5EC5554927DF8C51008D7EFD /* Build configuration list for PBXNativeTarget "DungeonsAndDragonsTests" */;
			buildPhases = (
				5EC5552E27DF8C51008D7EFD /* Sources */,
				5EC5552F27DF8C51008D7EFD /* Frameworks */,
				5EC5553027DF8C51008D7EFD /* Resources */,
			);
			buildRules = (
			);
			dependencies = (
				5EC5553427DF8C51008D7EFD /* PBXTargetDependency */,
			);
			name = DungeonsAndDragonsTests;
			productName = DungeonsAndDragonsTests;
			productReference = 5EC5553227DF8C51008D7EFD /* DungeonsAndDragonsTests.xctest */;
			productType = "com.apple.product-type.bundle.unit-test";
		};
		5EC5553B27DF8C51008D7EFD /* DungeonsAndDragonsUITests */ = {
			isa = PBXNativeTarget;
			buildConfigurationList = 5EC5554C27DF8C51008D7EFD /* Build configuration list for PBXNativeTarget "DungeonsAndDragonsUITests" */;
			buildPhases = (
				5EC5553827DF8C51008D7EFD /* Sources */,
				5EC5553927DF8C51008D7EFD /* Frameworks */,
				5EC5553A27DF8C51008D7EFD /* Resources */,
			);
			buildRules = (
			);
			dependencies = (
				5EC5553E27DF8C51008D7EFD /* PBXTargetDependency */,
			);
			name = DungeonsAndDragonsUITests;
			productName = DungeonsAndDragonsUITests;
			productReference = 5EC5553C27DF8C51008D7EFD /* DungeonsAndDragonsUITests.xctest */;
			productType = "com.apple.product-type.bundle.ui-testing";
		};
/* End PBXNativeTarget section */

/* Begin PBXProject section */
		5EC5551A27DF8C4E008D7EFD /* Project object */ = {
			isa = PBXProject;
			attributes = {
				BuildIndependentTargetsInParallel = 1;
				LastSwiftUpdateCheck = 1320;
				LastUpgradeCheck = 1320;
				TargetAttributes = {
					5EC5552127DF8C4E008D7EFD = {
						CreatedOnToolsVersion = 13.2.1;
					};
					5EC5553127DF8C51008D7EFD = {
						CreatedOnToolsVersion = 13.2.1;
						TestTargetID = 5EC5552127DF8C4E008D7EFD;
					};
					5EC5553B27DF8C51008D7EFD = {
						CreatedOnToolsVersion = 13.2.1;
						TestTargetID = 5EC5552127DF8C4E008D7EFD;
					};
				};
			};
			buildConfigurationList = 5EC5551D27DF8C4E008D7EFD /* Build configuration list for PBXProject "DungeonsAndDragons" */;
			compatibilityVersion = "Xcode 13.0";
			developmentRegion = en;
			hasScannedForEncodings = 0;
			knownRegions = (
				en,
				Base,
			);
			mainGroup = 5EC5551927DF8C4E008D7EFD;
			productRefGroup = 5EC5552327DF8C4E008D7EFD /* Products */;
			projectDirPath = "";
			projectRoot = "";
			targets = (
				5EC5552127DF8C4E008D7EFD /* DungeonsAndDragons */,
				5EC5553127DF8C51008D7EFD /* DungeonsAndDragonsTests */,
				5EC5553B27DF8C51008D7EFD /* DungeonsAndDragonsUITests */,
			);
		};
/* End PBXProject section */

/* Begin PBXResourcesBuildPhase section */
		5EC5552027DF8C4E008D7EFD /* Resources */ = {
			isa = PBXResourcesBuildPhase;
			buildActionMask = 2147483647;
			files = (
				5EC5552D27DF8C50008D7EFD /* Preview Assets.xcassets in Resources */,
				5EC5552A27DF8C50008D7EFD /* Assets.xcassets in Resources */,
			);
			runOnlyForDeploymentPostprocessing = 0;
		};
		5EC5553027DF8C51008D7EFD /* Resources */ = {
			isa = PBXResourcesBuildPhase;
			buildActionMask = 2147483647;
			files = (
			);
			runOnlyForDeploymentPostprocessing = 0;
		};
		5EC5553A27DF8C51008D7EFD /* Resources */ = {
			isa = PBXResourcesBuildPhase;
			buildActionMask = 2147483647;
			files = (
			);
			runOnlyForDeploymentPostprocessing = 0;
		};
/* End PBXResourcesBuildPhase section */

/* Begin PBXSourcesBuildPhase section */
		5EC5551E27DF8C4E008D7EFD /* Sources */ = {
			isa = PBXSourcesBuildPhase;
			buildActionMask = 2147483647;
			files = (
				5EC5552827DF8C4E008D7EFD /* ContentView.swift in Sources */,
				5EC5552627DF8C4E008D7EFD /* DungeonsAndDragonsApp.swift in Sources */,
			);
			runOnlyForDeploymentPostprocessing = 0;
		};
		5EC5552E27DF8C51008D7EFD /* Sources */ = {
			isa = PBXSourcesBuildPhase;
			buildActionMask = 2147483647;
			files = (
				5EC5553727DF8C51008D7EFD /* DungeonsAndDragonsTests.swift in Sources */,
			);
			runOnlyForDeploymentPostprocessing = 0;
		};
		5EC5553827DF8C51008D7EFD /* Sources */ = {
			isa = PBXSourcesBuildPhase;
			buildActionMask = 2147483647;
			files = (
				5EC5554327DF8C51008D7EFD /* DungeonsAndDragonsUITestsLaunchTests.swift in Sources */,
				5EC5554127DF8C51008D7EFD /* DungeonsAndDragonsUITests.swift in Sources */,
			);
			runOnlyForDeploymentPostprocessing = 0;
		};
/* End PBXSourcesBuildPhase section */

/* Begin PBXTargetDependency section */
		5EC5553427DF8C51008D7EFD /* PBXTargetDependency */ = {
			isa = PBXTargetDependency;
			target = 5EC5552127DF8C4E008D7EFD /* DungeonsAndDragons */;
			targetProxy = 5EC5553327DF8C51008D7EFD /* PBXContainerItemProxy */;
		};
		5EC5553E27DF8C51008D7EFD /* PBXTargetDependency */ = {
			isa = PBXTargetDependency;
			target = 5EC5552127DF8C4E008D7EFD /* DungeonsAndDragons */;
			targetProxy = 5EC5553D27DF8C51008D7EFD /* PBXContainerItemProxy */;
		};
/* End PBXTargetDependency section */

/* Begin XCBuildConfiguration section */
		5EC5554427DF8C51008D7EFD /* Debug */ = {
			isa = XCBuildConfiguration;
			buildSettings = {
				ALWAYS_SEARCH_USER_PATHS = NO;
				CLANG_ANALYZER_NONNULL = YES;
				CLANG_ANALYZER_NUMBER_OBJECT_CONVERSION = YES_AGGRESSIVE;
				CLANG_CXX_LANGUAGE_STANDARD = "gnu++17";
				CLANG_CXX_LIBRARY = "libc++";
				CLANG_ENABLE_MODULES = YES;
				CLANG_ENABLE_OBJC_ARC = YES;
				CLANG_ENABLE_OBJC_WEAK = YES;
				CLANG_WARN_BLOCK_CAPTURE_AUTORELEASING = YES;
				CLANG_WARN_BOOL_CONVERSION = YES;
				CLANG_WARN_COMMA = YES;
				CLANG_WARN_CONSTANT_CONVERSION = YES;
				CLANG_WARN_DEPRECATED_OBJC_IMPLEMENTATIONS = YES;
				CLANG_WARN_DIRECT_OBJC_ISA_USAGE = YES_ERROR;
				CLANG_WARN_DOCUMENTATION_COMMENTS = YES;
				CLANG_WARN_EMPTY_BODY = YES;
				CLANG_WARN_ENUM_CONVERSION = YES;
				CLANG_WARN_INFINITE_RECURSION = YES;
				CLANG_WARN_INT_CONVERSION = YES;
				CLANG_WARN_NON_LITERAL_NULL_CONVERSION = YES;
				CLANG_WARN_OBJC_IMPLICIT_RETAIN_SELF = YES;
				CLANG_WARN_OBJC_LITERAL_CONVERSION = YES;
				CLANG_WARN_OBJC_ROOT_CLASS = YES_ERROR;
				CLANG_WARN_QUOTED_INCLUDE_IN_FRAMEWORK_HEADER = YES;
				CLANG_WARN_RANGE_LOOP_ANALYSIS = YES;
				CLANG_WARN_STRICT_PROTOTYPES = YES;
				CLANG_WARN_SUSPICIOUS_MOVE = YES;
				CLANG_WARN_UNGUARDED_AVAILABILITY = YES_AGGRESSIVE;
				CLANG_WARN_UNREACHABLE_CODE = YES;
				CLANG_WARN__DUPLICATE_METHOD_MATCH = YES;
				COPY_PHASE_STRIP = NO;
				DEBUG_INFORMATION_FORMAT = dwarf;
				ENABLE_STRICT_OBJC_MSGSEND = YES;
				ENABLE_TESTABILITY = YES;
				GCC_C_LANGUAGE_STANDARD = gnu11;
				GCC_DYNAMIC_NO_PIC = NO;
				GCC_NO_COMMON_BLOCKS = YES;
				GCC_OPTIMIZATION_LEVEL = 0;
				GCC_PREPROCESSOR_DEFINITIONS = (
					"DEBUG=1",
					"$(inherited)",
				);
				GCC_WARN_64_TO_32_BIT_CONVERSION = YES;
				GCC_WARN_ABOUT_RETURN_TYPE = YES_ERROR;
				GCC_WARN_UNDECLARED_SELECTOR = YES;
				GCC_WARN_UNINITIALIZED_AUTOS = YES_AGGRESSIVE;
				GCC_WARN_UNUSED_FUNCTION = YES;
				GCC_WARN_UNUSED_VARIABLE = YES;
				IPHONEOS_DEPLOYMENT_TARGET = 15.2;
				MTL_ENABLE_DEBUG_INFO = INCLUDE_SOURCE;
				MTL_FAST_MATH = YES;
				ONLY_ACTIVE_ARCH = YES;
				SDKROOT = iphoneos;
				SWIFT_ACTIVE_COMPILATION_CONDITIONS = DEBUG;
				SWIFT_OPTIMIZATION_LEVEL = "-Onone";
			};
			name = Debug;
		};
		5EC5554527DF8C51008D7EFD /* Release */ = {
			isa = XCBuildConfiguration;
			buildSettings = {
				ALWAYS_SEARCH_USER_PATHS = NO;
				CLANG_ANALYZER_NONNULL = YES;
				CLANG_ANALYZER_NUMBER_OBJECT_CONVERSION = YES_AGGRESSIVE;
				CLANG_CXX_LANGUAGE_STANDARD = "gnu++17";
				CLANG_CXX_LIBRARY = "libc++";
				CLANG_ENABLE_MODULES = YES;
				CLANG_ENABLE_OBJC_ARC = YES;
				CLANG_ENABLE_OBJC_WEAK = YES;
				CLANG_WARN_BLOCK_CAPTURE_AUTORELEASING = YES;
				CLANG_WARN_BOOL_CONVERSION = YES;
				CLANG_WARN_COMMA = YES;
				CLANG_WARN_CONSTANT_CONVERSION = YES;
				CLANG_WARN_DEPRECATED_OBJC_IMPLEMENTATIONS = YES;
				CLANG_WARN_DIRECT_OBJC_ISA_USAGE = YES_ERROR;
				CLANG_WARN_DOCUMENTATION_COMMENTS = YES;
				CLANG_WARN_EMPTY_BODY = YES;
				CLANG_WARN_ENUM_CONVERSION = YES;
				CLANG_WARN_INFINITE_RECURSION = YES;
				CLANG_WARN_INT_CONVERSION = YES;
				CLANG_WARN_NON_LITERAL_NULL_CONVERSION = YES;
				CLANG_WARN_OBJC_IMPLICIT_RETAIN_SELF = YES;
				CLANG_WARN_OBJC_LITERAL_CONVERSION = YES;
				CLANG_WARN_OBJC_ROOT_CLASS = YES_ERROR;
				CLANG_WARN_QUOTED_INCLUDE_IN_FRAMEWORK_HEADER = YES;
				CLANG_WARN_RANGE_LOOP_ANALYSIS = YES;
				CLANG_WARN_STRICT_PROTOTYPES = YES;
				CLANG_WARN_SUSPICIOUS_MOVE = YES;
				CLANG_WARN_UNGUARDED_AVAILABILITY = YES_AGGRESSIVE;
				CLANG_WARN_UNREACHABLE_CODE = YES;
				CLANG_WARN__DUPLICATE_METHOD_MATCH = YES;
				COPY_PHASE_STRIP = NO;
				DEBUG_INFORMATION_FORMAT = "dwarf-with-dsym";
				ENABLE_NS_ASSERTIONS = NO;
				ENABLE_STRICT_OBJC_MSGSEND = YES;
				GCC_C_LANGUAGE_STANDARD = gnu11;
				GCC_NO_COMMON_BLOCKS = YES;
				GCC_WARN_64_TO_32_BIT_CONVERSION = YES;
				GCC_WARN_ABOUT_RETURN_TYPE = YES_ERROR;
				GCC_WARN_UNDECLARED_SELECTOR = YES;
				GCC_WARN_UNINITIALIZED_AUTOS = YES_AGGRESSIVE;
				GCC_WARN_UNUSED_FUNCTION = YES;
				GCC_WARN_UNUSED_VARIABLE = YES;
				IPHONEOS_DEPLOYMENT_TARGET = 15.2;
				MTL_ENABLE_DEBUG_INFO = NO;
				MTL_FAST_MATH = YES;
				SDKROOT = iphoneos;
				SWIFT_COMPILATION_MODE = wholemodule;
				SWIFT_OPTIMIZATION_LEVEL = "-O";
				VALIDATE_PRODUCT = YES;
			};
			name = Release;
		};
		5EC5554727DF8C51008D7EFD /* Debug */ = {
			isa = XCBuildConfiguration;
			buildSettings = {
				ASSETCATALOG_COMPILER_APPICON_NAME = AppIcon;
				ASSETCATALOG_COMPILER_GLOBAL_ACCENT_COLOR_NAME = AccentColor;
				CODE_SIGN_STYLE = Automatic;
				CURRENT_PROJECT_VERSION = 1;
				DEVELOPMENT_ASSET_PATHS = "\"DungeonsAndDragons/Preview Content\"";
				ENABLE_PREVIEWS = YES;
				GENERATE_INFOPLIST_FILE = YES;
				INFOPLIST_KEY_UIApplicationSceneManifest_Generation = YES;
				INFOPLIST_KEY_UIApplicationSupportsIndirectInputEvents = YES;
				INFOPLIST_KEY_UILaunchScreen_Generation = YES;
				INFOPLIST_KEY_UISupportedInterfaceOrientations_iPad = "UIInterfaceOrientationPortrait UIInterfaceOrientationPortraitUpsideDown UIInterfaceOrientationLandscapeLeft UIInterfaceOrientationLandscapeRight";
				INFOPLIST_KEY_UISupportedInterfaceOrientations_iPhone = "UIInterfaceOrientationPortrait UIInterfaceOrientationLandscapeLeft UIInterfaceOrientationLandscapeRight";
				LD_RUNPATH_SEARCH_PATHS = (
					"$(inherited)",
					"@executable_path/Frameworks",
				);
				MARKETING_VERSION = 1.0;
				PRODUCT_BUNDLE_IDENTIFIER = com.bumblebee.DungeonsAndDragons;
				PRODUCT_NAME = "$(TARGET_NAME)";
				SWIFT_EMIT_LOC_STRINGS = YES;
				SWIFT_VERSION = 5.0;
				TARGETED_DEVICE_FAMILY = "1,2";
			};
			name = Debug;
		};
		5EC5554827DF8C51008D7EFD /* Release */ = {
			isa = XCBuildConfiguration;
			buildSettings = {
				ASSETCATALOG_COMPILER_APPICON_NAME = AppIcon;
				ASSETCATALOG_COMPILER_GLOBAL_ACCENT_COLOR_NAME = AccentColor;
				CODE_SIGN_STYLE = Automatic;
				CURRENT_PROJECT_VERSION = 1;
				DEVELOPMENT_ASSET_PATHS = "\"DungeonsAndDragons/Preview Content\"";
				ENABLE_PREVIEWS = YES;
				GENERATE_INFOPLIST_FILE = YES;
				INFOPLIST_KEY_UIApplicationSceneManifest_Generation = YES;
				INFOPLIST_KEY_UIApplicationSupportsIndirectInputEvents = YES;
				INFOPLIST_KEY_UILaunchScreen_Generation = YES;
				INFOPLIST_KEY_UISupportedInterfaceOrientations_iPad = "UIInterfaceOrientationPortrait UIInterfaceOrientationPortraitUpsideDown UIInterfaceOrientationLandscapeLeft UIInterfaceOrientationLandscapeRight";
				INFOPLIST_KEY_UISupportedInterfaceOrientations_iPhone = "UIInterfaceOrientationPortrait UIInterfaceOrientationLandscapeLeft UIInterfaceOrientationLandscapeRight";
				LD_RUNPATH_SEARCH_PATHS = (
					"$(inherited)",
					"@executable_path/Frameworks",
				);
				MARKETING_VERSION = 1.0;
				PRODUCT_BUNDLE_IDENTIFIER = com.bumblebee.DungeonsAndDragons;
				PRODUCT_NAME = "$(TARGET_NAME)";
				SWIFT_EMIT_LOC_STRINGS = YES;
				SWIFT_VERSION = 5.0;
				TARGETED_DEVICE_FAMILY = "1,2";
			};
			name = Release;
		};
		5EC5554A27DF8C51008D7EFD /* Debug */ = {
			isa = XCBuildConfiguration;
			buildSettings = {
				ALWAYS_EMBED_SWIFT_STANDARD_LIBRARIES = YES;
				BUNDLE_LOADER = "$(TEST_HOST)";
				CODE_SIGN_STYLE = Automatic;
				CURRENT_PROJECT_VERSION = 1;
				GENERATE_INFOPLIST_FILE = YES;
				IPHONEOS_DEPLOYMENT_TARGET = 15.2;
				MARKETING_VERSION = 1.0;
				PRODUCT_BUNDLE_IDENTIFIER = com.bumblebee.DungeonsAndDragonsTests;
				PRODUCT_NAME = "$(TARGET_NAME)";
				SWIFT_EMIT_LOC_STRINGS = NO;
				SWIFT_VERSION = 5.0;
				TARGETED_DEVICE_FAMILY = "1,2";
				TEST_HOST = "$(BUILT_PRODUCTS_DIR)/DungeonsAndDragons.app/DungeonsAndDragons";
			};
			name = Debug;
		};
		5EC5554B27DF8C51008D7EFD /* Release */ = {
			isa = XCBuildConfiguration;
			buildSettings = {
				ALWAYS_EMBED_SWIFT_STANDARD_LIBRARIES = YES;
				BUNDLE_LOADER = "$(TEST_HOST)";
				CODE_SIGN_STYLE = Automatic;
				CURRENT_PROJECT_VERSION = 1;
				GENERATE_INFOPLIST_FILE = YES;
				IPHONEOS_DEPLOYMENT_TARGET = 15.2;
				MARKETING_VERSION = 1.0;
				PRODUCT_BUNDLE_IDENTIFIER = com.bumblebee.DungeonsAndDragonsTests;
				PRODUCT_NAME = "$(TARGET_NAME)";
				SWIFT_EMIT_LOC_STRINGS = NO;
				SWIFT_VERSION = 5.0;
				TARGETED_DEVICE_FAMILY = "1,2";
				TEST_HOST = "$(BUILT_PRODUCTS_DIR)/DungeonsAndDragons.app/DungeonsAndDragons";
			};
			name = Release;
		};
		5EC5554D27DF8C51008D7EFD /* Debug */ = {
			isa = XCBuildConfiguration;
			buildSettings = {
				ALWAYS_EMBED_SWIFT_STANDARD_LIBRARIES = YES;
				CODE_SIGN_STYLE = Automatic;
				CURRENT_PROJECT_VERSION = 1;
				GENERATE_INFOPLIST_FILE = YES;
				MARKETING_VERSION = 1.0;
				PRODUCT_BUNDLE_IDENTIFIER = com.bumblebee.DungeonsAndDragonsUITests;
				PRODUCT_NAME = "$(TARGET_NAME)";
				SWIFT_EMIT_LOC_STRINGS = NO;
				SWIFT_VERSION = 5.0;
				TARGETED_DEVICE_FAMILY = "1,2";
				TEST_TARGET_NAME = DungeonsAndDragons;
			};
			name = Debug;
		};
		5EC5554E27DF8C51008D7EFD /* Release */ = {
			isa = XCBuildConfiguration;
			buildSettings = {
				ALWAYS_EMBED_SWIFT_STANDARD_LIBRARIES = YES;
				CODE_SIGN_STYLE = Automatic;
				CURRENT_PROJECT_VERSION = 1;
				GENERATE_INFOPLIST_FILE = YES;
				MARKETING_VERSION = 1.0;
				PRODUCT_BUNDLE_IDENTIFIER = com.bumblebee.DungeonsAndDragonsUITests;
				PRODUCT_NAME = "$(TARGET_NAME)";
				SWIFT_EMIT_LOC_STRINGS = NO;
				SWIFT_VERSION = 5.0;
				TARGETED_DEVICE_FAMILY = "1,2";
				TEST_TARGET_NAME = DungeonsAndDragons;
			};
			name = Release;
		};
/* End XCBuildConfiguration section */

/* Begin XCConfigurationList section */
		5EC5551D27DF8C4E008D7EFD /* Build configuration list for PBXProject "DungeonsAndDragons" */ = {
			isa = XCConfigurationList;
			buildConfigurations = (
				5EC5554427DF8C51008D7EFD /* Debug */,
				5EC5554527DF8C51008D7EFD /* Release */,
			);
			defaultConfigurationIsVisible = 0;
			defaultConfigurationName = Release;
		};
		5EC5554627DF8C51008D7EFD /* Build configuration list for PBXNativeTarget "DungeonsAndDragons" */ = {
			isa = XCConfigurationList;
			buildConfigurations = (
				5EC5554727DF8C51008D7EFD /* Debug */,
				5EC5554827DF8C51008D7EFD /* Release */,
			);
			defaultConfigurationIsVisible = 0;
			defaultConfigurationName = Release;
		};
		5EC5554927DF8C51008D7EFD /* Build configuration list for PBXNativeTarget "DungeonsAndDragonsTests" */ = {
			isa = XCConfigurationList;
			buildConfigurations = (
				5EC5554A27DF8C51008D7EFD /* Debug */,
				5EC5554B27DF8C51008D7EFD /* Release */,
			);
			defaultConfigurationIsVisible = 0;
			defaultConfigurationName = Release;
		};
		5EC5554C27DF8C51008D7EFD /* Build configuration list for PBXNativeTarget "DungeonsAndDragonsUITests" */ = {
			isa = XCConfigurationList;
			buildConfigurations = (
				5EC5554D27DF8C51008D7EFD /* Debug */,
				5EC5554E27DF8C51008D7EFD /* Release */,
			);
			defaultConfigurationIsVisible = 0;
			defaultConfigurationName = Release;
		};
/* End XCConfigurationList section */
	};
	rootObject = 5EC5551A27DF8C4E008D7EFD /* Project object */;
}
